// !$*UTF8*$!
{
	archiveVersion = 1;
	classes = {
	};
	objectVersion = 55;
	objects = {

/* Begin PBXBuildFile section */
		81771641282D001D00811E83 /* main.cpp in Sources */ = {isa = PBXBuildFile; fileRef = 81771640282D001D00811E83 /* main.cpp */; };
		81771649282D04E900811E83 /* vec.cc in Sources */ = {isa = PBXBuildFile; fileRef = 81771647282D04E900811E83 /* vec.cc */; };
		8177164C282D064F00811E83 /* BoundingBox.cc in Sources */ = {isa = PBXBuildFile; fileRef = 8177164A282D064F00811E83 /* BoundingBox.cc */; };
		8177164F282D3AC800811E83 /* Volume.cc in Sources */ = {isa = PBXBuildFile; fileRef = 8177164D282D3AC800811E83 /* Volume.cc */; };
		81771652282D50D100811E83 /* KeyLockPuzzleState.cc in Sources */ = {isa = PBXBuildFile; fileRef = 81771650282D50D100811E83 /* KeyLockPuzzleState.cc */; };
		81771655282D543C00811E83 /* Node.cc in Sources */ = {isa = PBXBuildFile; fileRef = 81771653282D543C00811E83 /* Node.cc */; };
		81771658282D586D00811E83 /* a_star.cc in Sources */ = {isa = PBXBuildFile; fileRef = 81771656282D586D00811E83 /* a_star.cc */; };
		8177165B282E83D400811E83 /* AStarSolver.cc in Sources */ = {isa = PBXBuildFile; fileRef = 81771659282E83D400811E83 /* AStarSolver.cc */; };
		8177165F28330DCA00811E83 /* Step.cc in Sources */ = {isa = PBXBuildFile; fileRef = 8177165D28330DCA00811E83 /* Step.cc */; };
		81771666283322D000811E83 /* CollisionCache.cc in Sources */ = {isa = PBXBuildFile; fileRef = 81771664283322D000811E83 /* CollisionCache.cc */; };
/* End PBXBuildFile section */

/* Begin PBXCopyFilesBuildPhase section */
		8177163B282D001D00811E83 /* CopyFiles */ = {
			isa = PBXCopyFilesBuildPhase;
			buildActionMask = 2147483647;
			dstPath = /usr/share/man/man1/;
			dstSubfolderSpec = 0;
			files = (
			);
			runOnlyForDeploymentPostprocessing = 1;
		};
/* End PBXCopyFilesBuildPhase section */

/* Begin PBXFileReference section */
		8177163D282D001D00811E83 /* key_lock_solver */ = {isa = PBXFileReference; explicitFileType = "compiled.mach-o.executable"; includeInIndex = 0; path = key_lock_solver; sourceTree = BUILT_PRODUCTS_DIR; };
		81771640282D001D00811E83 /* main.cpp */ = {isa = PBXFileReference; lastKnownFileType = sourcecode.cpp.cpp; path = main.cpp; sourceTree = "<group>"; };
		81771647282D04E900811E83 /* vec.cc */ = {isa = PBXFileReference; lastKnownFileType = sourcecode.cpp.cpp; path = vec.cc; sourceTree = "<group>"; };
		81771648282D04E900811E83 /* vec.h */ = {isa = PBXFileReference; lastKnownFileType = sourcecode.c.h; path = vec.h; sourceTree = "<group>"; };
		8177164A282D064F00811E83 /* BoundingBox.cc */ = {isa = PBXFileReference; lastKnownFileType = sourcecode.cpp.cpp; path = BoundingBox.cc; sourceTree = "<group>"; };
		8177164B282D064F00811E83 /* BoundingBox.h */ = {isa = PBXFileReference; lastKnownFileType = sourcecode.c.h; path = BoundingBox.h; sourceTree = "<group>"; };
		8177164D282D3AC800811E83 /* Volume.cc */ = {isa = PBXFileReference; lastKnownFileType = sourcecode.cpp.cpp; path = Volume.cc; sourceTree = "<group>"; };
		8177164E282D3AC800811E83 /* Volume.h */ = {isa = PBXFileReference; lastKnownFileType = sourcecode.c.h; path = Volume.h; sourceTree = "<group>"; };
		81771650282D50D100811E83 /* KeyLockPuzzleState.cc */ = {isa = PBXFileReference; lastKnownFileType = sourcecode.cpp.cpp; path = KeyLockPuzzleState.cc; sourceTree = "<group>"; };
		81771651282D50D100811E83 /* KeyLockPuzzleState.h */ = {isa = PBXFileReference; lastKnownFileType = sourcecode.c.h; path = KeyLockPuzzleState.h; sourceTree = "<group>"; };
		81771653282D543C00811E83 /* Node.cc */ = {isa = PBXFileReference; lastKnownFileType = sourcecode.cpp.cpp; path = Node.cc; sourceTree = "<group>"; };
		81771654282D543C00811E83 /* Node.h */ = {isa = PBXFileReference; lastKnownFileType = sourcecode.c.h; path = Node.h; sourceTree = "<group>"; };
		81771656282D586D00811E83 /* a_star.cc */ = {isa = PBXFileReference; lastKnownFileType = sourcecode.cpp.cpp; path = a_star.cc; sourceTree = "<group>"; };
		81771657282D586D00811E83 /* a_star.h */ = {isa = PBXFileReference; lastKnownFileType = sourcecode.c.h; path = a_star.h; sourceTree = "<group>"; };
		81771659282E83D400811E83 /* AStarSolver.cc */ = {isa = PBXFileReference; lastKnownFileType = sourcecode.cpp.cpp; path = AStarSolver.cc; sourceTree = "<group>"; };
		8177165A282E83D400811E83 /* AStarSolver.h */ = {isa = PBXFileReference; lastKnownFileType = sourcecode.c.h; path = AStarSolver.h; sourceTree = "<group>"; };
		8177165C282F066E00811E83 /* hash_combine.h */ = {isa = PBXFileReference; lastKnownFileType = sourcecode.c.h; path = hash_combine.h; sourceTree = "<group>"; };
		8177165D28330DCA00811E83 /* Step.cc */ = {isa = PBXFileReference; lastKnownFileType = sourcecode.cpp.cpp; path = Step.cc; sourceTree = "<group>"; };
		8177165E28330DCA00811E83 /* Step.h */ = {isa = PBXFileReference; lastKnownFileType = sourcecode.c.h; path = Step.h; sourceTree = "<group>"; };
		81771664283322D000811E83 /* CollisionCache.cc */ = {isa = PBXFileReference; lastKnownFileType = sourcecode.cpp.cpp; path = CollisionCache.cc; sourceTree = "<group>"; };
		81771665283322D000811E83 /* CollisionCache.h */ = {isa = PBXFileReference; lastKnownFileType = sourcecode.c.h; path = CollisionCache.h; sourceTree = "<group>"; };
/* End PBXFileReference section */

/* Begin PBXFrameworksBuildPhase section */
		8177163A282D001D00811E83 /* Frameworks */ = {
			isa = PBXFrameworksBuildPhase;
			buildActionMask = 2147483647;
			files = (
			);
			runOnlyForDeploymentPostprocessing = 0;
		};
/* End PBXFrameworksBuildPhase section */

/* Begin PBXGroup section */
		81771634282D001D00811E83 = {
			isa = PBXGroup;
			children = (
				8177163F282D001D00811E83 /* key_lock_solver */,
				8177163E282D001D00811E83 /* Products */,
			);
			sourceTree = "<group>";
		};
		8177163E282D001D00811E83 /* Products */ = {
			isa = PBXGroup;
			children = (
				8177163D282D001D00811E83 /* key_lock_solver */,
			);
			name = Products;
			sourceTree = "<group>";
		};
		8177163F282D001D00811E83 /* key_lock_solver */ = {
			isa = PBXGroup;
			children = (
				81771640282D001D00811E83 /* main.cpp */,
				817716622833118B00811E83 /* search */,
				817716612833116D00811E83 /* spatial */,
				81771663283311BB00811E83 /* util */,
			);
			path = key_lock_solver;
			sourceTree = "<group>";
		};
		817716612833116D00811E83 /* spatial */ = {
			isa = PBXGroup;
			children = (
				81771648282D04E900811E83 /* vec.h */,
				81771647282D04E900811E83 /* vec.cc */,
				8177164E282D3AC800811E83 /* Volume.h */,
				8177164D282D3AC800811E83 /* Volume.cc */,
				8177164B282D064F00811E83 /* BoundingBox.h */,
				8177164A282D064F00811E83 /* BoundingBox.cc */,
			);
			path = spatial;
			sourceTree = "<group>";
		};
		817716622833118B00811E83 /* search */ = {
			isa = PBXGroup;
			children = (
				81771665283322D000811E83 /* CollisionCache.h */,
				81771664283322D000811E83 /* CollisionCache.cc */,
				8177165A282E83D400811E83 /* AStarSolver.h */,
				81771659282E83D400811E83 /* AStarSolver.cc */,
				8177165E28330DCA00811E83 /* Step.h */,
				8177165D28330DCA00811E83 /* Step.cc */,
				81771657282D586D00811E83 /* a_star.h */,
				81771656282D586D00811E83 /* a_star.cc */,
				81771654282D543C00811E83 /* Node.h */,
				81771653282D543C00811E83 /* Node.cc */,
				81771651282D50D100811E83 /* KeyLockPuzzleState.h */,
				81771650282D50D100811E83 /* KeyLockPuzzleState.cc */,
			);
			path = search;
			sourceTree = "<group>";
		};
		81771663283311BB00811E83 /* util */ = {
			isa = PBXGroup;
			children = (
				8177165C282F066E00811E83 /* hash_combine.h */,
			);
			path = util;
			sourceTree = "<group>";
		};
/* End PBXGroup section */

/* Begin PBXNativeTarget section */
		8177163C282D001D00811E83 /* key_lock_solver */ = {
			isa = PBXNativeTarget;
			buildConfigurationList = 81771644282D001D00811E83 /* Build configuration list for PBXNativeTarget "key_lock_solver" */;
			buildPhases = (
				817716602833102100811E83 /* ShellScript */,
				81771639282D001D00811E83 /* Sources */,
				8177163A282D001D00811E83 /* Frameworks */,
				8177163B282D001D00811E83 /* CopyFiles */,
			);
			buildRules = (
			);
			dependencies = (
			);
			name = key_lock_solver;
			productName = key_lock_solver;
			productReference = 8177163D282D001D00811E83 /* key_lock_solver */;
			productType = "com.apple.product-type.tool";
		};
/* End PBXNativeTarget section */

/* Begin PBXProject section */
		81771635282D001D00811E83 /* Project object */ = {
			isa = PBXProject;
			attributes = {
				BuildIndependentTargetsInParallel = 1;
				LastUpgradeCheck = 1340;
				TargetAttributes = {
					8177163C282D001D00811E83 = {
						CreatedOnToolsVersion = 13.3.1;
					};
				};
			};
			buildConfigurationList = 81771638282D001D00811E83 /* Build configuration list for PBXProject "key_lock_solver" */;
			compatibilityVersion = "Xcode 13.0";
			developmentRegion = en;
			hasScannedForEncodings = 0;
			knownRegions = (
				en,
				Base,
			);
			mainGroup = 81771634282D001D00811E83;
			productRefGroup = 8177163E282D001D00811E83 /* Products */;
			projectDirPath = "";
			projectRoot = "";
			targets = (
				8177163C282D001D00811E83 /* key_lock_solver */,
			);
		};
/* End PBXProject section */

/* Begin PBXShellScriptBuildPhase section */
		817716602833102100811E83 /* ShellScript */ = {
			isa = PBXShellScriptBuildPhase;
			buildActionMask = 2147483647;
			files = (
			);
			inputFileListPaths = (
			);
			inputPaths = (
			);
			outputFileListPaths = (
			);
			outputPaths = (
			);
			runOnlyForDeploymentPostprocessing = 0;
			shellPath = /bin/sh;
			shellScript = "# Type a script or drag a script file from your workspace to insert its path.\n/Library/Frameworks/Python.framework/Versions/3.7/bin/cpplint --output=eclipse --filter=-whitespace/comma --recursive ./${TARGET_NAME}/*\n\nexit 0\n";
		};
/* End PBXShellScriptBuildPhase section */

/* Begin PBXSourcesBuildPhase section */
		81771639282D001D00811E83 /* Sources */ = {
			isa = PBXSourcesBuildPhase;
			buildActionMask = 2147483647;
			files = (
				8177165F28330DCA00811E83 /* Step.cc in Sources */,
				81771666283322D000811E83 /* CollisionCache.cc in Sources */,
				81771658282D586D00811E83 /* a_star.cc in Sources */,
				81771652282D50D100811E83 /* KeyLockPuzzleState.cc in Sources */,
				8177164C282D064F00811E83 /* BoundingBox.cc in Sources */,
				81771649282D04E900811E83 /* vec.cc in Sources */,
				81771655282D543C00811E83 /* Node.cc in Sources */,
				81771641282D001D00811E83 /* main.cpp in Sources */,
				8177165B282E83D400811E83 /* AStarSolver.cc in Sources */,
				8177164F282D3AC800811E83 /* Volume.cc in Sources */,
			);
			runOnlyForDeploymentPostprocessing = 0;
		};
/* End PBXSourcesBuildPhase section */

/* Begin XCBuildConfiguration section */
		81771642282D001D00811E83 /* Debug */ = {
			isa = XCBuildConfiguration;
			buildSettings = {
				ALWAYS_SEARCH_USER_PATHS = NO;
				CLANG_ANALYZER_NONNULL = YES;
				CLANG_ANALYZER_NUMBER_OBJECT_CONVERSION = YES_AGGRESSIVE;
				CLANG_CXX_LANGUAGE_STANDARD = "gnu++17";
				CLANG_ENABLE_MODULES = YES;
				CLANG_ENABLE_OBJC_ARC = YES;
				CLANG_ENABLE_OBJC_WEAK = YES;
				CLANG_WARN_BLOCK_CAPTURE_AUTORELEASING = YES;
				CLANG_WARN_BOOL_CONVERSION = YES;
				CLANG_WARN_COMMA = YES;
				CLANG_WARN_CONSTANT_CONVERSION = YES;
				CLANG_WARN_DEPRECATED_OBJC_IMPLEMENTATIONS = YES;
				CLANG_WARN_DIRECT_OBJC_ISA_USAGE = YES_ERROR;
				CLANG_WARN_DOCUMENTATION_COMMENTS = YES;
				CLANG_WARN_EMPTY_BODY = YES;
				CLANG_WARN_ENUM_CONVERSION = YES;
				CLANG_WARN_INFINITE_RECURSION = YES;
				CLANG_WARN_INT_CONVERSION = YES;
				CLANG_WARN_NON_LITERAL_NULL_CONVERSION = YES;
				CLANG_WARN_OBJC_IMPLICIT_RETAIN_SELF = YES;
				CLANG_WARN_OBJC_LITERAL_CONVERSION = YES;
				CLANG_WARN_OBJC_ROOT_CLASS = YES_ERROR;
				CLANG_WARN_QUOTED_INCLUDE_IN_FRAMEWORK_HEADER = YES;
				CLANG_WARN_RANGE_LOOP_ANALYSIS = YES;
				CLANG_WARN_STRICT_PROTOTYPES = YES;
				CLANG_WARN_SUSPICIOUS_MOVE = YES;
				CLANG_WARN_UNGUARDED_AVAILABILITY = YES_AGGRESSIVE;
				CLANG_WARN_UNREACHABLE_CODE = YES;
				CLANG_WARN__DUPLICATE_METHOD_MATCH = YES;
				COPY_PHASE_STRIP = NO;
				DEBUG_INFORMATION_FORMAT = dwarf;
				ENABLE_STRICT_OBJC_MSGSEND = YES;
				ENABLE_TESTABILITY = YES;
				GCC_C_LANGUAGE_STANDARD = gnu11;
				GCC_DYNAMIC_NO_PIC = NO;
				GCC_NO_COMMON_BLOCKS = YES;
				GCC_OPTIMIZATION_LEVEL = 0;
				GCC_PREPROCESSOR_DEFINITIONS = (
					"DEBUG=1",
					"$(inherited)",
				);
				GCC_WARN_64_TO_32_BIT_CONVERSION = YES;
				GCC_WARN_ABOUT_RETURN_TYPE = YES_ERROR;
				GCC_WARN_UNDECLARED_SELECTOR = YES;
				GCC_WARN_UNINITIALIZED_AUTOS = YES_AGGRESSIVE;
				GCC_WARN_UNUSED_FUNCTION = YES;
				GCC_WARN_UNUSED_VARIABLE = YES;
				MACOSX_DEPLOYMENT_TARGET = 12.3;
				MTL_ENABLE_DEBUG_INFO = INCLUDE_SOURCE;
				MTL_FAST_MATH = YES;
				ONLY_ACTIVE_ARCH = YES;
				SDKROOT = macosx;
			};
			name = Debug;
		};
		81771643282D001D00811E83 /* Release */ = {
			isa = XCBuildConfiguration;
			buildSettings = {
				ALWAYS_SEARCH_USER_PATHS = NO;
				CLANG_ANALYZER_NONNULL = YES;
				CLANG_ANALYZER_NUMBER_OBJECT_CONVERSION = YES_AGGRESSIVE;
				CLANG_CXX_LANGUAGE_STANDARD = "gnu++17";
				CLANG_ENABLE_MODULES = YES;
				CLANG_ENABLE_OBJC_ARC = YES;
				CLANG_ENABLE_OBJC_WEAK = YES;
				CLANG_WARN_BLOCK_CAPTURE_AUTORELEASING = YES;
				CLANG_WARN_BOOL_CONVERSION = YES;
				CLANG_WARN_COMMA = YES;
				CLANG_WARN_CONSTANT_CONVERSION = YES;
				CLANG_WARN_DEPRECATED_OBJC_IMPLEMENTATIONS = YES;
				CLANG_WARN_DIRECT_OBJC_ISA_USAGE = YES_ERROR;
				CLANG_WARN_DOCUMENTATION_COMMENTS = YES;
				CLANG_WARN_EMPTY_BODY = YES;
				CLANG_WARN_ENUM_CONVERSION = YES;
				CLANG_WARN_INFINITE_RECURSION = YES;
				CLANG_WARN_INT_CONVERSION = YES;
				CLANG_WARN_NON_LITERAL_NULL_CONVERSION = YES;
				CLANG_WARN_OBJC_IMPLICIT_RETAIN_SELF = YES;
				CLANG_WARN_OBJC_LITERAL_CONVERSION = YES;
				CLANG_WARN_OBJC_ROOT_CLASS = YES_ERROR;
				CLANG_WARN_QUOTED_INCLUDE_IN_FRAMEWORK_HEADER = YES;
				CLANG_WARN_RANGE_LOOP_ANALYSIS = YES;
				CLANG_WARN_STRICT_PROTOTYPES = YES;
				CLANG_WARN_SUSPICIOUS_MOVE = YES;
				CLANG_WARN_UNGUARDED_AVAILABILITY = YES_AGGRESSIVE;
				CLANG_WARN_UNREACHABLE_CODE = YES;
				CLANG_WARN__DUPLICATE_METHOD_MATCH = YES;
				COPY_PHASE_STRIP = NO;
				DEBUG_INFORMATION_FORMAT = "dwarf-with-dsym";
				ENABLE_NS_ASSERTIONS = NO;
				ENABLE_STRICT_OBJC_MSGSEND = YES;
				GCC_C_LANGUAGE_STANDARD = gnu11;
				GCC_NO_COMMON_BLOCKS = YES;
				GCC_WARN_64_TO_32_BIT_CONVERSION = YES;
				GCC_WARN_ABOUT_RETURN_TYPE = YES_ERROR;
				GCC_WARN_UNDECLARED_SELECTOR = YES;
				GCC_WARN_UNINITIALIZED_AUTOS = YES_AGGRESSIVE;
				GCC_WARN_UNUSED_FUNCTION = YES;
				GCC_WARN_UNUSED_VARIABLE = YES;
				MACOSX_DEPLOYMENT_TARGET = 12.3;
				MTL_ENABLE_DEBUG_INFO = NO;
				MTL_FAST_MATH = YES;
				SDKROOT = macosx;
			};
			name = Release;
		};
		81771645282D001D00811E83 /* Debug */ = {
			isa = XCBuildConfiguration;
			buildSettings = {
				CODE_SIGN_IDENTITY = "-";
				CODE_SIGN_STYLE = Automatic;
				DEVELOPMENT_TEAM = TWJK35QCXR;
				ENABLE_HARDENED_RUNTIME = YES;
				PRODUCT_NAME = "$(TARGET_NAME)";
			};
			name = Debug;
		};
		81771646282D001D00811E83 /* Release */ = {
			isa = XCBuildConfiguration;
			buildSettings = {
				CODE_SIGN_IDENTITY = "-";
				CODE_SIGN_STYLE = Automatic;
				DEVELOPMENT_TEAM = TWJK35QCXR;
				ENABLE_HARDENED_RUNTIME = YES;
				PRODUCT_NAME = "$(TARGET_NAME)";
			};
			name = Release;
		};
/* End XCBuildConfiguration section */

/* Begin XCConfigurationList section */
		81771638282D001D00811E83 /* Build configuration list for PBXProject "key_lock_solver" */ = {
			isa = XCConfigurationList;
			buildConfigurations = (
				81771642282D001D00811E83 /* Debug */,
				81771643282D001D00811E83 /* Release */,
			);
			defaultConfigurationIsVisible = 0;
			defaultConfigurationName = Release;
		};
		81771644282D001D00811E83 /* Build configuration list for PBXNativeTarget "key_lock_solver" */ = {
			isa = XCConfigurationList;
			buildConfigurations = (
				81771645282D001D00811E83 /* Debug */,
				81771646282D001D00811E83 /* Release */,
			);
			defaultConfigurationIsVisible = 0;
			defaultConfigurationName = Release;
		};
/* End XCConfigurationList section */
	};
	rootObject = 81771635282D001D00811E83 /* Project object */;
}
